// !$*UTF8*$!
{
	archiveVersion = 1;
	classes = {
	};
	objectVersion = 56;
	objects = {

/* Begin PBXBuildFile section */
		25174A532AA5F88C00024E1A /* SocialButton.swift in Sources */ = {isa = PBXBuildFile; fileRef = 25174A522AA5F88C00024E1A /* SocialButton.swift */; };
		253B84E62A0A614F004FA223 /* SearchBar.swift in Sources */ = {isa = PBXBuildFile; fileRef = 253B84E52A0A614F004FA223 /* SearchBar.swift */; };
		253B84E82A0BA0A9004FA223 /* ContactView.swift in Sources */ = {isa = PBXBuildFile; fileRef = 253B84E72A0BA0A9004FA223 /* ContactView.swift */; };
		253B84EA2A0C59CE004FA223 /* Extensions.swift in Sources */ = {isa = PBXBuildFile; fileRef = 253B84E92A0C59CE004FA223 /* Extensions.swift */; };
		253B84EC2A0CF3D6004FA223 /* AvatarView.swift in Sources */ = {isa = PBXBuildFile; fileRef = 253B84EB2A0CF3D6004FA223 /* AvatarView.swift */; };
		253B84EE2A0D1815004FA223 /* Blur.swift in Sources */ = {isa = PBXBuildFile; fileRef = 253B84ED2A0D1815004FA223 /* Blur.swift */; };
		253B84F02A0F18A8004FA223 /* CategoryListView.swift in Sources */ = {isa = PBXBuildFile; fileRef = 253B84EF2A0F18A8004FA223 /* CategoryListView.swift */; };
		253B84F22A0F18C0004FA223 /* CategoryView.swift in Sources */ = {isa = PBXBuildFile; fileRef = 253B84F12A0F18C0004FA223 /* CategoryView.swift */; };
		253B84F42A0F1B1A004FA223 /* Category.swift in Sources */ = {isa = PBXBuildFile; fileRef = 253B84F32A0F1B1A004FA223 /* Category.swift */; };
		253B84F62A0F5B3E004FA223 /* ContactListView.swift in Sources */ = {isa = PBXBuildFile; fileRef = 253B84F52A0F5B3E004FA223 /* ContactListView.swift */; };
		253B84F82A0F7B00004FA223 /* FlexibleView.swift in Sources */ = {isa = PBXBuildFile; fileRef = 253B84F72A0F7B00004FA223 /* FlexibleView.swift */; };
		253B84FA2A0F7F9E004FA223 /* LabelView.swift in Sources */ = {isa = PBXBuildFile; fileRef = 253B84F92A0F7F9E004FA223 /* LabelView.swift */; };
		2548C4182A94E45300211CC0 /* OTPView.swift in Sources */ = {isa = PBXBuildFile; fileRef = 2548C4172A94E45300211CC0 /* OTPView.swift */; };
		2548C41B2A96005700211CC0 /* SessionView.swift in Sources */ = {isa = PBXBuildFile; fileRef = 2548C41A2A96005700211CC0 /* SessionView.swift */; };
		256275AD2A7138B0006F0E39 /* PopupView in Frameworks */ = {isa = PBXBuildFile; productRef = 256275AC2A7138B0006F0E39 /* PopupView */; };
		256276022A80F00C006F0E39 /* FirebaseAuth in Frameworks */ = {isa = PBXBuildFile; productRef = 256276012A80F00C006F0E39 /* FirebaseAuth */; };
		256276042A80F00C006F0E39 /* FirebaseFirestore in Frameworks */ = {isa = PBXBuildFile; productRef = 256276032A80F00C006F0E39 /* FirebaseFirestore */; };
		256C97592A2C4954003DD1B4 /* Place.swift in Sources */ = {isa = PBXBuildFile; fileRef = 256C97582A2C4954003DD1B4 /* Place.swift */; };
		256C97612A372B55003DD1B4 /* Design.swift in Sources */ = {isa = PBXBuildFile; fileRef = 256C97602A372B55003DD1B4 /* Design.swift */; };
		256C97632A372EAC003DD1B4 /* TestView.swift in Sources */ = {isa = PBXBuildFile; fileRef = 256C97622A372EAC003DD1B4 /* TestView.swift */; };
		256C97652A39EC0E003DD1B4 /* LabelsView.swift in Sources */ = {isa = PBXBuildFile; fileRef = 256C97642A39EC0E003DD1B4 /* LabelsView.swift */; };
		259338092A29E22E00C7AF1B /* RoundedCorner.swift in Sources */ = {isa = PBXBuildFile; fileRef = 259338082A29E22E00C7AF1B /* RoundedCorner.swift */; };
		2593380B2A29ED8700C7AF1B /* WebView.swift in Sources */ = {isa = PBXBuildFile; fileRef = 2593380A2A29ED8700C7AF1B /* WebView.swift */; };
		2596144A2A1233C000393712 /* ContactsController.swift in Sources */ = {isa = PBXBuildFile; fileRef = 259614492A1233C000393712 /* ContactsController.swift */; };
		2596144F2A124E5900393712 /* TrackableScrollView.swift in Sources */ = {isa = PBXBuildFile; fileRef = 2596144E2A124E5900393712 /* TrackableScrollView.swift */; };
		259EAAC12A960189006C207F /* SessionViewController.swift in Sources */ = {isa = PBXBuildFile; fileRef = 259EAAC02A960189006C207F /* SessionViewController.swift */; };
		259EAAC42A960BAD006C207F /* GlobalSearchView.swift in Sources */ = {isa = PBXBuildFile; fileRef = 259EAAC32A960BAD006C207F /* GlobalSearchView.swift */; };
		259EAAC62A96318B006C207F /* PopCategoriesView.swift in Sources */ = {isa = PBXBuildFile; fileRef = 259EAAC52A96318B006C207F /* PopCategoriesView.swift */; };
		259EAAC92A97594C006C207F /* CitiesView.swift in Sources */ = {isa = PBXBuildFile; fileRef = 259EAAC82A97594C006C207F /* CitiesView.swift */; };
		259EAACD2A975CCC006C207F /* City.swift in Sources */ = {isa = PBXBuildFile; fileRef = 259EAACC2A975CCC006C207F /* City.swift */; };
		259EAACF2A98A90D006C207F /* ActionSheetView.swift in Sources */ = {isa = PBXBuildFile; fileRef = 259EAACE2A98A90D006C207F /* ActionSheetView.swift */; };
		259EAAD12A98AE4B006C207F /* ScreenHelper.swift in Sources */ = {isa = PBXBuildFile; fileRef = 259EAAD02A98AE4B006C207F /* ScreenHelper.swift */; };
		259EAAD32A9CC857006C207F /* ContactDetailsView.swift in Sources */ = {isa = PBXBuildFile; fileRef = 259EAAD22A9CC857006C207F /* ContactDetailsView.swift */; };
		259EAAD62A9DEABA006C207F /* ContactDetailsInfo.swift in Sources */ = {isa = PBXBuildFile; fileRef = 259EAAD52A9DEABA006C207F /* ContactDetailsInfo.swift */; };
		259EAAD82A9DED9F006C207F /* SheetDragger.swift in Sources */ = {isa = PBXBuildFile; fileRef = 259EAAD72A9DED9F006C207F /* SheetDragger.swift */; };
		259EAADB2AA09229006C207F /* BackButton.swift in Sources */ = {isa = PBXBuildFile; fileRef = 259EAADA2AA09229006C207F /* BackButton.swift */; };
		25ADF32A2A694403009A2B73 /* PlacesScreen.swift in Sources */ = {isa = PBXBuildFile; fileRef = 25ADF3292A694403009A2B73 /* PlacesScreen.swift */; };
		25ADF3302A694438009A2B73 /* MapView.swift in Sources */ = {isa = PBXBuildFile; fileRef = 25ADF32B2A694437009A2B73 /* MapView.swift */; };
		25ADF3322A694438009A2B73 /* ClusterView.swift in Sources */ = {isa = PBXBuildFile; fileRef = 25ADF32D2A694437009A2B73 /* ClusterView.swift */; };
		25ADF3342A694438009A2B73 /* PlaceMarker.swift in Sources */ = {isa = PBXBuildFile; fileRef = 25ADF32F2A694437009A2B73 /* PlaceMarker.swift */; };
		25ADF3362A694516009A2B73 /* ContentView.swift in Sources */ = {isa = PBXBuildFile; fileRef = 25ADF3352A694516009A2B73 /* ContentView.swift */; };
		25DB6CAD2A0726C400660E99 /* korusellApp.swift in Sources */ = {isa = PBXBuildFile; fileRef = 25DB6CAC2A0726C400660E99 /* korusellApp.swift */; };
		25DB6CB12A0726C600660E99 /* Assets.xcassets in Resources */ = {isa = PBXBuildFile; fileRef = 25DB6CB02A0726C600660E99 /* Assets.xcassets */; };
		25DB6CB42A0726C600660E99 /* Preview Assets.xcassets in Resources */ = {isa = PBXBuildFile; fileRef = 25DB6CB32A0726C600660E99 /* Preview Assets.xcassets */; };
		25DB6CC12A07287F00660E99 /* ContactsScreen.swift in Sources */ = {isa = PBXBuildFile; fileRef = 25DB6CC02A07287F00660E99 /* ContactsScreen.swift */; };
		25DB6CC82A0A5AC500660E99 /* DataHelper.swift in Sources */ = {isa = PBXBuildFile; fileRef = 25DB6CC72A0A5AC500660E99 /* DataHelper.swift */; };
		25DB6CCB2A0A5C1000660E99 /* Contact.swift in Sources */ = {isa = PBXBuildFile; fileRef = 25DB6CCA2A0A5C1000660E99 /* Contact.swift */; };
		2B0491512AB07EAE00A8F81E /* categories.json in Resources */ = {isa = PBXBuildFile; fileRef = 2B0491502AB07EAE00A8F81E /* categories.json */; };
		2B0491532AB0851600A8F81E /* cities.json in Resources */ = {isa = PBXBuildFile; fileRef = 2B0491522AB0851600A8F81E /* cities.json */; };
		2B0491552AB1DEB600A8F81E /* MyAccountView.swift in Sources */ = {isa = PBXBuildFile; fileRef = 2B0491542AB1DEB600A8F81E /* MyAccountView.swift */; };
		2B04915A2AB32B5B00A8F81E /* MyAccDetailsSheet.swift in Sources */ = {isa = PBXBuildFile; fileRef = 2B0491592AB32B5B00A8F81E /* MyAccDetailsSheet.swift */; };
		2B04915C2AB32D2900A8F81E /* EditPhoneView.swift in Sources */ = {isa = PBXBuildFile; fileRef = 2B04915B2AB32D2900A8F81E /* EditPhoneView.swift */; };
		2B04915E2AB48D3300A8F81E /* ActionButton.swift in Sources */ = {isa = PBXBuildFile; fileRef = 2B04915D2AB48D3300A8F81E /* ActionButton.swift */; };
		2B0491602AB495C000A8F81E /* EditableSocialButton.swift in Sources */ = {isa = PBXBuildFile; fileRef = 2B04915F2AB495C000A8F81E /* EditableSocialButton.swift */; };
		2B0A6B4F2B286DEB005BB5F0 /* cats.json in Resources */ = {isa = PBXBuildFile; fileRef = 2B0A6B4E2B286DEB005BB5F0 /* cats.json */; };
		2B0A6B512B29C5CB005BB5F0 /* UserOnboarding.swift in Sources */ = {isa = PBXBuildFile; fileRef = 2B0A6B502B29C5CA005BB5F0 /* UserOnboarding.swift */; };
		2B0A6B532B2AFD6C005BB5F0 /* PopCitiesView.swift in Sources */ = {isa = PBXBuildFile; fileRef = 2B0A6B522B2AFD6B005BB5F0 /* PopCitiesView.swift */; };
		2B181D722AAF16F4001E6250 /* contacts.json in Resources */ = {isa = PBXBuildFile; fileRef = 2B181D712AAF16F4001E6250 /* contacts.json */; };
		2B181D752AAF1CF3001E6250 /* CachedAsyncImage in Frameworks */ = {isa = PBXBuildFile; productRef = 2B181D742AAF1CF3001E6250 /* CachedAsyncImage */; };
		2B2B66B72AFA6807003195E9 /* ExpandableText.swift in Sources */ = {isa = PBXBuildFile; fileRef = 2B2B66B62AFA6807003195E9 /* ExpandableText.swift */; };
		2B2B66BB2AFCFE7D003195E9 /* EditContactView.swift in Sources */ = {isa = PBXBuildFile; fileRef = 2B2B66BA2AFCFE7D003195E9 /* EditContactView.swift */; };
		2B2B66BD2B0B84BF003195E9 /* FirebaseStorage in Frameworks */ = {isa = PBXBuildFile; productRef = 2B2B66BC2B0B84BF003195E9 /* FirebaseStorage */; };
		2B2B66BF2B0B866F003195E9 /* StorageManager.swift in Sources */ = {isa = PBXBuildFile; fileRef = 2B2B66BE2B0B866E003195E9 /* StorageManager.swift */; };
		2B2B66C12B0CB89A003195E9 /* ContactImageView.swift in Sources */ = {isa = PBXBuildFile; fileRef = 2B2B66C02B0CB89A003195E9 /* ContactImageView.swift */; };
		2B2B66C32B0CB8DC003195E9 /* EditContactImageView.swift in Sources */ = {isa = PBXBuildFile; fileRef = 2B2B66C22B0CB8DB003195E9 /* EditContactImageView.swift */; };
		2B2B66C52B0CC6CB003195E9 /* ImagePicker.swift in Sources */ = {isa = PBXBuildFile; fileRef = 2B2B66C42B0CC6CB003195E9 /* ImagePicker.swift */; };
		2B345B702AB85A410025BF2C /* UserManager.swift in Sources */ = {isa = PBXBuildFile; fileRef = 2B345B6F2AB85A410025BF2C /* UserManager.swift */; };
		2B345B722AB85C700025BF2C /* FirestoreManager.swift in Sources */ = {isa = PBXBuildFile; fileRef = 2B345B712AB85C700025BF2C /* FirestoreManager.swift */; };
		2B345B752AB868B80025BF2C /* FirebaseFirestoreSwift in Frameworks */ = {isa = PBXBuildFile; productRef = 2B345B742AB868B80025BF2C /* FirebaseFirestoreSwift */; };
		2B345B772ABB0C1E0025BF2C /* CategorySelectionView.swift in Sources */ = {isa = PBXBuildFile; fileRef = 2B345B762ABB0C1E0025BF2C /* CategorySelectionView.swift */; };
		2B345B792ABB189A0025BF2C /* CitySelectionView.swift in Sources */ = {isa = PBXBuildFile; fileRef = 2B345B782ABB189A0025BF2C /* CitySelectionView.swift */; };
		2B9489582AA89FE50039D5AC /* PlacePoint.swift in Sources */ = {isa = PBXBuildFile; fileRef = 2B9489572AA89FE50039D5AC /* PlacePoint.swift */; };
		2BC565B92B3ED1C400AFB708 /* EditDetailsView.swift in Sources */ = {isa = PBXBuildFile; fileRef = 2BC565B82B3ED1C400AFB708 /* EditDetailsView.swift */; };
		2BC565BB2B3ED30E00AFB708 /* EditSocialButton.swift in Sources */ = {isa = PBXBuildFile; fileRef = 2BC565BA2B3ED30E00AFB708 /* EditSocialButton.swift */; };
		2BC565BD2B3ED32500AFB708 /* EditInfoView.swift in Sources */ = {isa = PBXBuildFile; fileRef = 2BC565BC2B3ED32500AFB708 /* EditInfoView.swift */; };
		2BC565BF2B3ED33D00AFB708 /* AccTextField.swift in Sources */ = {isa = PBXBuildFile; fileRef = 2BC565BE2B3ED33D00AFB708 /* AccTextField.swift */; };
		2BC565C12B3ED35B00AFB708 /* CityEditView.swift in Sources */ = {isa = PBXBuildFile; fileRef = 2BC565C02B3ED35B00AFB708 /* CityEditView.swift */; };
		2BC565C32B3ED37900AFB708 /* CategoryEditView.swift in Sources */ = {isa = PBXBuildFile; fileRef = 2BC565C22B3ED37900AFB708 /* CategoryEditView.swift */; };
		2BC565C62B440F6C00AFB708 /* AdminView.swift in Sources */ = {isa = PBXBuildFile; fileRef = 2BC565C52B440F6C00AFB708 /* AdminView.swift */; };
		2BC565C82B440FDC00AFB708 /* ContactDetailsViewA.swift in Sources */ = {isa = PBXBuildFile; fileRef = 2BC565C72B440FDC00AFB708 /* ContactDetailsViewA.swift */; };
		2BC565CA2B4410BB00AFB708 /* ContactListViewA.swift in Sources */ = {isa = PBXBuildFile; fileRef = 2BC565C92B4410BB00AFB708 /* ContactListViewA.swift */; };
		2BC565CE2B44275500AFB708 /* GoogleService-Info.plist in Resources */ = {isa = PBXBuildFile; fileRef = 2BC565CD2B44275500AFB708 /* GoogleService-Info.plist */; };
		2BC565D12B4570EB00AFB708 /* CreateUserView.swift in Sources */ = {isa = PBXBuildFile; fileRef = 2BC565D02B4570EB00AFB708 /* CreateUserView.swift */; };
		2BC565D42B45713300AFB708 /* CreateImageView.swift in Sources */ = {isa = PBXBuildFile; fileRef = 2BC565D32B45713300AFB708 /* CreateImageView.swift */; };
		2BC565D62B45713F00AFB708 /* CreateContactView.swift in Sources */ = {isa = PBXBuildFile; fileRef = 2BC565D52B45713F00AFB708 /* CreateContactView.swift */; };
		2BC565D92B46D35200AFB708 /* BottomSheetDesign.swift in Sources */ = {isa = PBXBuildFile; fileRef = 2BC565D82B46D35200AFB708 /* BottomSheetDesign.swift */; };
		2BC565DB2B46D38000AFB708 /* SheetUIKit.swift in Sources */ = {isa = PBXBuildFile; fileRef = 2BC565DA2B46D38000AFB708 /* SheetUIKit.swift */; };
		2BC565DD2B4C1B6E00AFB708 /* PlaceSheet.swift in Sources */ = {isa = PBXBuildFile; fileRef = 2BC565DC2B4C1B6E00AFB708 /* PlaceSheet.swift */; };
		2BC565DF2B4C1CCC00AFB708 /* PlaceDetails.swift in Sources */ = {isa = PBXBuildFile; fileRef = 2BC565DE2B4C1CCC00AFB708 /* PlaceDetails.swift */; };
		2BC565E12B4D6A2D00AFB708 /* AppOnboarding.swift in Sources */ = {isa = PBXBuildFile; fileRef = 2BC565E02B4D6A2D00AFB708 /* AppOnboarding.swift */; };
		2BC565E32B4D6A7F00AFB708 /* SignInView.swift in Sources */ = {isa = PBXBuildFile; fileRef = 2BC565E22B4D6A7F00AFB708 /* SignInView.swift */; };
		2BD124902B25609A004C4772 /* LoadingElement.swift in Sources */ = {isa = PBXBuildFile; fileRef = 2BD1248F2B25609A004C4772 /* LoadingElement.swift */; };
		2BD124922B25A4D1004C4772 /* MenuLabelView.swift in Sources */ = {isa = PBXBuildFile; fileRef = 2BD124912B25A4D1004C4772 /* MenuLabelView.swift */; };
		2BEC5A582B3AE3F500D8518A /* PhoneHelper.swift in Sources */ = {isa = PBXBuildFile; fileRef = 2BEC5A572B3AE3F500D8518A /* PhoneHelper.swift */; };
		2BEC5A5A2B3AED8000D8518A /* CategorySearchView.swift in Sources */ = {isa = PBXBuildFile; fileRef = 2BEC5A592B3AED8000D8518A /* CategorySearchView.swift */; };
/* End PBXBuildFile section */

/* Begin PBXFileReference section */
		25174A522AA5F88C00024E1A /* SocialButton.swift */ = {isa = PBXFileReference; lastKnownFileType = sourcecode.swift; path = SocialButton.swift; sourceTree = "<group>"; };
		253B84E52A0A614F004FA223 /* SearchBar.swift */ = {isa = PBXFileReference; lastKnownFileType = sourcecode.swift; path = SearchBar.swift; sourceTree = "<group>"; };
		253B84E72A0BA0A9004FA223 /* ContactView.swift */ = {isa = PBXFileReference; lastKnownFileType = sourcecode.swift; path = ContactView.swift; sourceTree = "<group>"; };
		253B84E92A0C59CE004FA223 /* Extensions.swift */ = {isa = PBXFileReference; lastKnownFileType = sourcecode.swift; path = Extensions.swift; sourceTree = "<group>"; };
		253B84EB2A0CF3D6004FA223 /* AvatarView.swift */ = {isa = PBXFileReference; lastKnownFileType = sourcecode.swift; path = AvatarView.swift; sourceTree = "<group>"; };
		253B84ED2A0D1815004FA223 /* Blur.swift */ = {isa = PBXFileReference; lastKnownFileType = sourcecode.swift; path = Blur.swift; sourceTree = "<group>"; };
		253B84EF2A0F18A8004FA223 /* CategoryListView.swift */ = {isa = PBXFileReference; lastKnownFileType = sourcecode.swift; path = CategoryListView.swift; sourceTree = "<group>"; };
		253B84F12A0F18C0004FA223 /* CategoryView.swift */ = {isa = PBXFileReference; lastKnownFileType = sourcecode.swift; path = CategoryView.swift; sourceTree = "<group>"; };
		253B84F32A0F1B1A004FA223 /* Category.swift */ = {isa = PBXFileReference; lastKnownFileType = sourcecode.swift; path = Category.swift; sourceTree = "<group>"; };
		253B84F52A0F5B3E004FA223 /* ContactListView.swift */ = {isa = PBXFileReference; lastKnownFileType = sourcecode.swift; path = ContactListView.swift; sourceTree = "<group>"; };
		253B84F72A0F7B00004FA223 /* FlexibleView.swift */ = {isa = PBXFileReference; lastKnownFileType = sourcecode.swift; path = FlexibleView.swift; sourceTree = "<group>"; };
		253B84F92A0F7F9E004FA223 /* LabelView.swift */ = {isa = PBXFileReference; lastKnownFileType = sourcecode.swift; path = LabelView.swift; sourceTree = "<group>"; };
		2548C4172A94E45300211CC0 /* OTPView.swift */ = {isa = PBXFileReference; lastKnownFileType = sourcecode.swift; path = OTPView.swift; sourceTree = "<group>"; };
		2548C41A2A96005700211CC0 /* SessionView.swift */ = {isa = PBXFileReference; lastKnownFileType = sourcecode.swift; path = SessionView.swift; sourceTree = "<group>"; };
		256276072A80F114006F0E39 /* Info.plist */ = {isa = PBXFileReference; lastKnownFileType = text.plist.xml; path = Info.plist; sourceTree = "<group>"; };
		256C97582A2C4954003DD1B4 /* Place.swift */ = {isa = PBXFileReference; lastKnownFileType = sourcecode.swift; path = Place.swift; sourceTree = "<group>"; };
		256C97602A372B55003DD1B4 /* Design.swift */ = {isa = PBXFileReference; lastKnownFileType = sourcecode.swift; path = Design.swift; sourceTree = "<group>"; };
		256C97622A372EAC003DD1B4 /* TestView.swift */ = {isa = PBXFileReference; lastKnownFileType = sourcecode.swift; path = TestView.swift; sourceTree = "<group>"; };
		256C97642A39EC0E003DD1B4 /* LabelsView.swift */ = {isa = PBXFileReference; lastKnownFileType = sourcecode.swift; path = LabelsView.swift; sourceTree = "<group>"; };
		259338082A29E22E00C7AF1B /* RoundedCorner.swift */ = {isa = PBXFileReference; lastKnownFileType = sourcecode.swift; path = RoundedCorner.swift; sourceTree = "<group>"; };
		2593380A2A29ED8700C7AF1B /* WebView.swift */ = {isa = PBXFileReference; lastKnownFileType = sourcecode.swift; path = WebView.swift; sourceTree = "<group>"; };
		259614492A1233C000393712 /* ContactsController.swift */ = {isa = PBXFileReference; lastKnownFileType = sourcecode.swift; path = ContactsController.swift; sourceTree = "<group>"; };
		2596144E2A124E5900393712 /* TrackableScrollView.swift */ = {isa = PBXFileReference; lastKnownFileType = sourcecode.swift; path = TrackableScrollView.swift; sourceTree = "<group>"; };
		259EAAC02A960189006C207F /* SessionViewController.swift */ = {isa = PBXFileReference; lastKnownFileType = sourcecode.swift; path = SessionViewController.swift; sourceTree = "<group>"; };
		259EAAC32A960BAD006C207F /* GlobalSearchView.swift */ = {isa = PBXFileReference; lastKnownFileType = sourcecode.swift; path = GlobalSearchView.swift; sourceTree = "<group>"; };
		259EAAC52A96318B006C207F /* PopCategoriesView.swift */ = {isa = PBXFileReference; lastKnownFileType = sourcecode.swift; path = PopCategoriesView.swift; sourceTree = "<group>"; };
		259EAAC82A97594C006C207F /* CitiesView.swift */ = {isa = PBXFileReference; lastKnownFileType = sourcecode.swift; path = CitiesView.swift; sourceTree = "<group>"; };
		259EAACC2A975CCC006C207F /* City.swift */ = {isa = PBXFileReference; lastKnownFileType = sourcecode.swift; path = City.swift; sourceTree = "<group>"; };
		259EAACE2A98A90D006C207F /* ActionSheetView.swift */ = {isa = PBXFileReference; lastKnownFileType = sourcecode.swift; path = ActionSheetView.swift; sourceTree = "<group>"; };
		259EAAD02A98AE4B006C207F /* ScreenHelper.swift */ = {isa = PBXFileReference; lastKnownFileType = sourcecode.swift; path = ScreenHelper.swift; sourceTree = "<group>"; };
		259EAAD22A9CC857006C207F /* ContactDetailsView.swift */ = {isa = PBXFileReference; lastKnownFileType = sourcecode.swift; path = ContactDetailsView.swift; sourceTree = "<group>"; };
		259EAAD52A9DEABA006C207F /* ContactDetailsInfo.swift */ = {isa = PBXFileReference; lastKnownFileType = sourcecode.swift; path = ContactDetailsInfo.swift; sourceTree = "<group>"; };
		259EAAD72A9DED9F006C207F /* SheetDragger.swift */ = {isa = PBXFileReference; lastKnownFileType = sourcecode.swift; path = SheetDragger.swift; sourceTree = "<group>"; };
		259EAADA2AA09229006C207F /* BackButton.swift */ = {isa = PBXFileReference; lastKnownFileType = sourcecode.swift; path = BackButton.swift; sourceTree = "<group>"; };
		25ADF3292A694403009A2B73 /* PlacesScreen.swift */ = {isa = PBXFileReference; lastKnownFileType = sourcecode.swift; path = PlacesScreen.swift; sourceTree = "<group>"; };
		25ADF32B2A694437009A2B73 /* MapView.swift */ = {isa = PBXFileReference; fileEncoding = 4; lastKnownFileType = sourcecode.swift; path = MapView.swift; sourceTree = "<group>"; };
		25ADF32D2A694437009A2B73 /* ClusterView.swift */ = {isa = PBXFileReference; fileEncoding = 4; lastKnownFileType = sourcecode.swift; path = ClusterView.swift; sourceTree = "<group>"; };
		25ADF32F2A694437009A2B73 /* PlaceMarker.swift */ = {isa = PBXFileReference; fileEncoding = 4; lastKnownFileType = sourcecode.swift; path = PlaceMarker.swift; sourceTree = "<group>"; };
		25ADF3352A694516009A2B73 /* ContentView.swift */ = {isa = PBXFileReference; lastKnownFileType = sourcecode.swift; path = ContentView.swift; sourceTree = "<group>"; };
		25DB6CA92A0726C400660E99 /* korusell.app */ = {isa = PBXFileReference; explicitFileType = wrapper.application; includeInIndex = 0; path = korusell.app; sourceTree = BUILT_PRODUCTS_DIR; };
		25DB6CAC2A0726C400660E99 /* korusellApp.swift */ = {isa = PBXFileReference; lastKnownFileType = sourcecode.swift; path = korusellApp.swift; sourceTree = "<group>"; };
		25DB6CB02A0726C600660E99 /* Assets.xcassets */ = {isa = PBXFileReference; lastKnownFileType = folder.assetcatalog; path = Assets.xcassets; sourceTree = "<group>"; };
		25DB6CB32A0726C600660E99 /* Preview Assets.xcassets */ = {isa = PBXFileReference; lastKnownFileType = folder.assetcatalog; path = "Preview Assets.xcassets"; sourceTree = "<group>"; };
		25DB6CC02A07287F00660E99 /* ContactsScreen.swift */ = {isa = PBXFileReference; lastKnownFileType = sourcecode.swift; path = ContactsScreen.swift; sourceTree = "<group>"; };
		25DB6CC72A0A5AC500660E99 /* DataHelper.swift */ = {isa = PBXFileReference; lastKnownFileType = sourcecode.swift; path = DataHelper.swift; sourceTree = "<group>"; };
		25DB6CCA2A0A5C1000660E99 /* Contact.swift */ = {isa = PBXFileReference; lastKnownFileType = sourcecode.swift; path = Contact.swift; sourceTree = "<group>"; };
		2B0491502AB07EAE00A8F81E /* categories.json */ = {isa = PBXFileReference; fileEncoding = 4; lastKnownFileType = text.json; path = categories.json; sourceTree = "<group>"; };
		2B0491522AB0851600A8F81E /* cities.json */ = {isa = PBXFileReference; lastKnownFileType = text.json; path = cities.json; sourceTree = "<group>"; };
		2B0491542AB1DEB600A8F81E /* MyAccountView.swift */ = {isa = PBXFileReference; lastKnownFileType = sourcecode.swift; path = MyAccountView.swift; sourceTree = "<group>"; };
		2B0491592AB32B5B00A8F81E /* MyAccDetailsSheet.swift */ = {isa = PBXFileReference; lastKnownFileType = sourcecode.swift; path = MyAccDetailsSheet.swift; sourceTree = "<group>"; };
		2B04915B2AB32D2900A8F81E /* EditPhoneView.swift */ = {isa = PBXFileReference; lastKnownFileType = sourcecode.swift; path = EditPhoneView.swift; sourceTree = "<group>"; };
		2B04915D2AB48D3300A8F81E /* ActionButton.swift */ = {isa = PBXFileReference; lastKnownFileType = sourcecode.swift; path = ActionButton.swift; sourceTree = "<group>"; };
		2B04915F2AB495C000A8F81E /* EditableSocialButton.swift */ = {isa = PBXFileReference; lastKnownFileType = sourcecode.swift; path = EditableSocialButton.swift; sourceTree = "<group>"; };
		2B0A6B4E2B286DEB005BB5F0 /* cats.json */ = {isa = PBXFileReference; lastKnownFileType = text.json; path = cats.json; sourceTree = "<group>"; };
		2B0A6B502B29C5CA005BB5F0 /* UserOnboarding.swift */ = {isa = PBXFileReference; lastKnownFileType = sourcecode.swift; path = UserOnboarding.swift; sourceTree = "<group>"; };
		2B0A6B522B2AFD6B005BB5F0 /* PopCitiesView.swift */ = {isa = PBXFileReference; lastKnownFileType = sourcecode.swift; path = PopCitiesView.swift; sourceTree = "<group>"; };
		2B181D712AAF16F4001E6250 /* contacts.json */ = {isa = PBXFileReference; fileEncoding = 4; lastKnownFileType = text.json; path = contacts.json; sourceTree = "<group>"; };
		2B2B66B62AFA6807003195E9 /* ExpandableText.swift */ = {isa = PBXFileReference; lastKnownFileType = sourcecode.swift; path = ExpandableText.swift; sourceTree = "<group>"; };
		2B2B66BA2AFCFE7D003195E9 /* EditContactView.swift */ = {isa = PBXFileReference; lastKnownFileType = sourcecode.swift; path = EditContactView.swift; sourceTree = "<group>"; };
		2B2B66BE2B0B866E003195E9 /* StorageManager.swift */ = {isa = PBXFileReference; lastKnownFileType = sourcecode.swift; path = StorageManager.swift; sourceTree = "<group>"; };
		2B2B66C02B0CB89A003195E9 /* ContactImageView.swift */ = {isa = PBXFileReference; lastKnownFileType = sourcecode.swift; path = ContactImageView.swift; sourceTree = "<group>"; };
		2B2B66C22B0CB8DB003195E9 /* EditContactImageView.swift */ = {isa = PBXFileReference; lastKnownFileType = sourcecode.swift; path = EditContactImageView.swift; sourceTree = "<group>"; };
		2B2B66C42B0CC6CB003195E9 /* ImagePicker.swift */ = {isa = PBXFileReference; lastKnownFileType = sourcecode.swift; path = ImagePicker.swift; sourceTree = "<group>"; };
		2B345B6F2AB85A410025BF2C /* UserManager.swift */ = {isa = PBXFileReference; lastKnownFileType = sourcecode.swift; path = UserManager.swift; sourceTree = "<group>"; };
		2B345B712AB85C700025BF2C /* FirestoreManager.swift */ = {isa = PBXFileReference; lastKnownFileType = sourcecode.swift; path = FirestoreManager.swift; sourceTree = "<group>"; };
		2B345B762ABB0C1E0025BF2C /* CategorySelectionView.swift */ = {isa = PBXFileReference; lastKnownFileType = sourcecode.swift; path = CategorySelectionView.swift; sourceTree = "<group>"; };
		2B345B782ABB189A0025BF2C /* CitySelectionView.swift */ = {isa = PBXFileReference; lastKnownFileType = sourcecode.swift; path = CitySelectionView.swift; sourceTree = "<group>"; };
		2B9489572AA89FE50039D5AC /* PlacePoint.swift */ = {isa = PBXFileReference; lastKnownFileType = sourcecode.swift; path = PlacePoint.swift; sourceTree = "<group>"; };
		2BC565B82B3ED1C400AFB708 /* EditDetailsView.swift */ = {isa = PBXFileReference; lastKnownFileType = sourcecode.swift; path = EditDetailsView.swift; sourceTree = "<group>"; };
		2BC565BA2B3ED30E00AFB708 /* EditSocialButton.swift */ = {isa = PBXFileReference; lastKnownFileType = sourcecode.swift; path = EditSocialButton.swift; sourceTree = "<group>"; };
		2BC565BC2B3ED32500AFB708 /* EditInfoView.swift */ = {isa = PBXFileReference; lastKnownFileType = sourcecode.swift; path = EditInfoView.swift; sourceTree = "<group>"; };
		2BC565BE2B3ED33D00AFB708 /* AccTextField.swift */ = {isa = PBXFileReference; lastKnownFileType = sourcecode.swift; path = AccTextField.swift; sourceTree = "<group>"; };
		2BC565C02B3ED35B00AFB708 /* CityEditView.swift */ = {isa = PBXFileReference; lastKnownFileType = sourcecode.swift; path = CityEditView.swift; sourceTree = "<group>"; };
		2BC565C22B3ED37900AFB708 /* CategoryEditView.swift */ = {isa = PBXFileReference; lastKnownFileType = sourcecode.swift; path = CategoryEditView.swift; sourceTree = "<group>"; };
		2BC565C52B440F6C00AFB708 /* AdminView.swift */ = {isa = PBXFileReference; lastKnownFileType = sourcecode.swift; path = AdminView.swift; sourceTree = "<group>"; };
		2BC565C72B440FDC00AFB708 /* ContactDetailsViewA.swift */ = {isa = PBXFileReference; lastKnownFileType = sourcecode.swift; path = ContactDetailsViewA.swift; sourceTree = "<group>"; };
		2BC565C92B4410BB00AFB708 /* ContactListViewA.swift */ = {isa = PBXFileReference; lastKnownFileType = sourcecode.swift; path = ContactListViewA.swift; sourceTree = "<group>"; };
		2BC565CD2B44275500AFB708 /* GoogleService-Info.plist */ = {isa = PBXFileReference; fileEncoding = 4; lastKnownFileType = text.plist.xml; path = "GoogleService-Info.plist"; sourceTree = "<group>"; };
		2BC565CF2B4428C300AFB708 /* korusell.entitlements */ = {isa = PBXFileReference; lastKnownFileType = text.plist.entitlements; path = korusell.entitlements; sourceTree = "<group>"; };
		2BC565D02B4570EB00AFB708 /* CreateUserView.swift */ = {isa = PBXFileReference; lastKnownFileType = sourcecode.swift; path = CreateUserView.swift; sourceTree = "<group>"; };
		2BC565D32B45713300AFB708 /* CreateImageView.swift */ = {isa = PBXFileReference; lastKnownFileType = sourcecode.swift; path = CreateImageView.swift; sourceTree = "<group>"; };
		2BC565D52B45713F00AFB708 /* CreateContactView.swift */ = {isa = PBXFileReference; lastKnownFileType = sourcecode.swift; path = CreateContactView.swift; sourceTree = "<group>"; };
		2BC565D82B46D35200AFB708 /* BottomSheetDesign.swift */ = {isa = PBXFileReference; lastKnownFileType = sourcecode.swift; path = BottomSheetDesign.swift; sourceTree = "<group>"; };
		2BC565DA2B46D38000AFB708 /* SheetUIKit.swift */ = {isa = PBXFileReference; lastKnownFileType = sourcecode.swift; path = SheetUIKit.swift; sourceTree = "<group>"; };
		2BC565DC2B4C1B6E00AFB708 /* PlaceSheet.swift */ = {isa = PBXFileReference; lastKnownFileType = sourcecode.swift; path = PlaceSheet.swift; sourceTree = "<group>"; };
		2BC565DE2B4C1CCC00AFB708 /* PlaceDetails.swift */ = {isa = PBXFileReference; lastKnownFileType = sourcecode.swift; path = PlaceDetails.swift; sourceTree = "<group>"; };
		2BC565E02B4D6A2D00AFB708 /* AppOnboarding.swift */ = {isa = PBXFileReference; fileEncoding = 4; lastKnownFileType = sourcecode.swift; path = AppOnboarding.swift; sourceTree = "<group>"; };
		2BC565E22B4D6A7F00AFB708 /* SignInView.swift */ = {isa = PBXFileReference; fileEncoding = 4; lastKnownFileType = sourcecode.swift; path = SignInView.swift; sourceTree = "<group>"; };
		2BD1248F2B25609A004C4772 /* LoadingElement.swift */ = {isa = PBXFileReference; lastKnownFileType = sourcecode.swift; path = LoadingElement.swift; sourceTree = "<group>"; };
		2BD124912B25A4D1004C4772 /* MenuLabelView.swift */ = {isa = PBXFileReference; lastKnownFileType = sourcecode.swift; path = MenuLabelView.swift; sourceTree = "<group>"; };
		2BEC5A572B3AE3F500D8518A /* PhoneHelper.swift */ = {isa = PBXFileReference; lastKnownFileType = sourcecode.swift; path = PhoneHelper.swift; sourceTree = "<group>"; };
		2BEC5A592B3AED8000D8518A /* CategorySearchView.swift */ = {isa = PBXFileReference; lastKnownFileType = sourcecode.swift; path = CategorySearchView.swift; sourceTree = "<group>"; };
/* End PBXFileReference section */

/* Begin PBXFrameworksBuildPhase section */
		25DB6CA62A0726C400660E99 /* Frameworks */ = {
			isa = PBXFrameworksBuildPhase;
			buildActionMask = 2147483647;
			files = (
				2B345B752AB868B80025BF2C /* FirebaseFirestoreSwift in Frameworks */,
				256275AD2A7138B0006F0E39 /* PopupView in Frameworks */,
				2B181D752AAF1CF3001E6250 /* CachedAsyncImage in Frameworks */,
				256276042A80F00C006F0E39 /* FirebaseFirestore in Frameworks */,
				256276022A80F00C006F0E39 /* FirebaseAuth in Frameworks */,
				2B2B66BD2B0B84BF003195E9 /* FirebaseStorage in Frameworks */,
			);
			runOnlyForDeploymentPostprocessing = 0;
		};
/* End PBXFrameworksBuildPhase section */

/* Begin PBXGroup section */
		256275AE2A73E127006F0E39 /* _deprecated */ = {
			isa = PBXGroup;
			children = (
				253B84F12A0F18C0004FA223 /* CategoryView.swift */,
				253B84EF2A0F18A8004FA223 /* CategoryListView.swift */,
				259EAAC82A97594C006C207F /* CitiesView.swift */,
			);
			path = _deprecated;
			sourceTree = "<group>";
		};
		259EAAD42A9DEA8C006C207F /* ContactDetails */ = {
			isa = PBXGroup;
			children = (
				259EAAD22A9CC857006C207F /* ContactDetailsView.swift */,
				2BC565B72B3ED19300AFB708 /* Edit */,
				2B2B66C02B0CB89A003195E9 /* ContactImageView.swift */,
				259EAAD52A9DEABA006C207F /* ContactDetailsInfo.swift */,
				25174A522AA5F88C00024E1A /* SocialButton.swift */,
			);
			path = ContactDetails;
			sourceTree = "<group>";
		};
		25DB6CA02A0726C400660E99 = {
			isa = PBXGroup;
			children = (
				25DB6CAB2A0726C400660E99 /* korusell */,
				25DB6CAA2A0726C400660E99 /* Products */,
				2B345B732AB868B80025BF2C /* Frameworks */,
			);
			sourceTree = "<group>";
		};
		25DB6CAA2A0726C400660E99 /* Products */ = {
			isa = PBXGroup;
			children = (
				25DB6CA92A0726C400660E99 /* korusell.app */,
			);
			name = Products;
			sourceTree = "<group>";
		};
		25DB6CAB2A0726C400660E99 /* korusell */ = {
			isa = PBXGroup;
			children = (
				25DB6CAC2A0726C400660E99 /* korusellApp.swift */,
				2BC565EC2B4EAD4E00AFB708 /* UI */,
				2BC565F42B4EAFBA00AFB708 /* Resources */,
				2BC565F32B4EAFA200AFB708 /* Models */,
				2BC565F12B4EAF6200AFB708 /* Shared */,
				2BC565F52B4EB02600AFB708 /* Test */,
				25DB6CB02A0726C600660E99 /* Assets.xcassets */,
				25DB6CB22A0726C600660E99 /* Preview Content */,
				256C97622A372EAC003DD1B4 /* TestView.swift */,
				2BC565CF2B4428C300AFB708 /* korusell.entitlements */,
				256276072A80F114006F0E39 /* Info.plist */,
				2BC565CD2B44275500AFB708 /* GoogleService-Info.plist */,
			);
			path = korusell;
			sourceTree = "<group>";
		};
		25DB6CB22A0726C600660E99 /* Preview Content */ = {
			isa = PBXGroup;
			children = (
				25DB6CB32A0726C600660E99 /* Preview Assets.xcassets */,
			);
			path = "Preview Content";
			sourceTree = "<group>";
		};
		25DB6CBA2A0727FA00660E99 /* Contacts */ = {
			isa = PBXGroup;
			children = (
				2B0491562AB32B1A00A8F81E /* MyAccount */,
				256275AE2A73E127006F0E39 /* _deprecated */,
				25DB6CC02A07287F00660E99 /* ContactsScreen.swift */,
				256C97642A39EC0E003DD1B4 /* LabelsView.swift */,
				253B84F52A0F5B3E004FA223 /* ContactListView.swift */,
				253B84E72A0BA0A9004FA223 /* ContactView.swift */,
				259EAAC52A96318B006C207F /* PopCategoriesView.swift */,
				2B0A6B522B2AFD6B005BB5F0 /* PopCitiesView.swift */,
				259EAAD42A9DEA8C006C207F /* ContactDetails */,
				253B84EB2A0CF3D6004FA223 /* AvatarView.swift */,
				259614492A1233C000393712 /* ContactsController.swift */,
			);
			path = Contacts;
			sourceTree = "<group>";
		};
		2B0491562AB32B1A00A8F81E /* MyAccount */ = {
			isa = PBXGroup;
			children = (
				2B0491542AB1DEB600A8F81E /* MyAccountView.swift */,
				2B0491592AB32B5B00A8F81E /* MyAccDetailsSheet.swift */,
				2B04915B2AB32D2900A8F81E /* EditPhoneView.swift */,
				2B04915F2AB495C000A8F81E /* EditableSocialButton.swift */,
				2B345B762ABB0C1E0025BF2C /* CategorySelectionView.swift */,
				2B345B782ABB189A0025BF2C /* CitySelectionView.swift */,
			);
			path = MyAccount;
			sourceTree = "<group>";
		};
		2B345B732AB868B80025BF2C /* Frameworks */ = {
			isa = PBXGroup;
			children = (
			);
			name = Frameworks;
			sourceTree = "<group>";
		};
		2BC565B72B3ED19300AFB708 /* Edit */ = {
			isa = PBXGroup;
			children = (
				2BC565B82B3ED1C400AFB708 /* EditDetailsView.swift */,
				2B2B66C22B0CB8DB003195E9 /* EditContactImageView.swift */,
				2B2B66BA2AFCFE7D003195E9 /* EditContactView.swift */,
				2BC565BA2B3ED30E00AFB708 /* EditSocialButton.swift */,
				2BC565BC2B3ED32500AFB708 /* EditInfoView.swift */,
				2BC565BE2B3ED33D00AFB708 /* AccTextField.swift */,
				2BC565C02B3ED35B00AFB708 /* CityEditView.swift */,
				2BC565C22B3ED37900AFB708 /* CategoryEditView.swift */,
			);
			path = Edit;
			sourceTree = "<group>";
		};
		2BC565E92B4EABB300AFB708 /* Onboarding */ = {
			isa = PBXGroup;
			children = (
				2BC565E02B4D6A2D00AFB708 /* AppOnboarding.swift */,
			);
			path = Onboarding;
			sourceTree = "<group>";
		};
		2BC565EA2B4EACCB00AFB708 /* Auth */ = {
			isa = PBXGroup;
			children = (
				2BC565E22B4D6A7F00AFB708 /* SignInView.swift */,
				2548C4172A94E45300211CC0 /* OTPView.swift */,
				2B0A6B502B29C5CA005BB5F0 /* UserOnboarding.swift */,
			);
			path = Auth;
			sourceTree = "<group>";
		};
		2BC565EB2B4EAD3600AFB708 /* Session */ = {
			isa = PBXGroup;
			children = (
				2548C41A2A96005700211CC0 /* SessionView.swift */,
				259EAAC02A960189006C207F /* SessionViewController.swift */,
				25DB6CBA2A0727FA00660E99 /* Contacts */,
				2BC565ED2B4EAD9E00AFB708 /* Places */,
				2BC565EE2B4EADB300AFB708 /* Search */,
				2BC565EF2B4EADC900AFB708 /* AdminPanel */,
			);
			path = Session;
			sourceTree = "<group>";
		};
		2BC565EC2B4EAD4E00AFB708 /* UI */ = {
			isa = PBXGroup;
			children = (
				25ADF3352A694516009A2B73 /* ContentView.swift */,
				2BC565E92B4EABB300AFB708 /* Onboarding */,
				2BC565EA2B4EACCB00AFB708 /* Auth */,
				2BC565EB2B4EAD3600AFB708 /* Session */,
				2BC565F22B4EAF7A00AFB708 /* Elements */,
			);
			path = UI;
			sourceTree = "<group>";
		};
		2BC565ED2B4EAD9E00AFB708 /* Places */ = {
			isa = PBXGroup;
			children = (
				25ADF3292A694403009A2B73 /* PlacesScreen.swift */,
				25ADF32B2A694437009A2B73 /* MapView.swift */,
				2BC565DC2B4C1B6E00AFB708 /* PlaceSheet.swift */,
				25ADF32D2A694437009A2B73 /* ClusterView.swift */,
				25ADF32F2A694437009A2B73 /* PlaceMarker.swift */,
				2BC565DE2B4C1CCC00AFB708 /* PlaceDetails.swift */,
			);
			path = Places;
			sourceTree = "<group>";
		};
		2BC565EE2B4EADB300AFB708 /* Search */ = {
			isa = PBXGroup;
			children = (
				2BEC5A592B3AED8000D8518A /* CategorySearchView.swift */,
				253B84E52A0A614F004FA223 /* SearchBar.swift */,
				259EAAC32A960BAD006C207F /* GlobalSearchView.swift */,
			);
			path = Search;
			sourceTree = "<group>";
		};
		2BC565EF2B4EADC900AFB708 /* AdminPanel */ = {
			isa = PBXGroup;
			children = (
				2BC565F02B4EAE1800AFB708 /* Creation */,
				2BC565C52B440F6C00AFB708 /* AdminView.swift */,
				2BC565C72B440FDC00AFB708 /* ContactDetailsViewA.swift */,
				2BC565C92B4410BB00AFB708 /* ContactListViewA.swift */,
			);
			path = AdminPanel;
			sourceTree = "<group>";
		};
		2BC565F02B4EAE1800AFB708 /* Creation */ = {
			isa = PBXGroup;
			children = (
				2BC565D02B4570EB00AFB708 /* CreateUserView.swift */,
				2BC565D32B45713300AFB708 /* CreateImageView.swift */,
				2BC565D52B45713F00AFB708 /* CreateContactView.swift */,
			);
			path = Creation;
			sourceTree = "<group>";
		};
		2BC565F12B4EAF6200AFB708 /* Shared */ = {
			isa = PBXGroup;
			children = (
				2B345B6F2AB85A410025BF2C /* UserManager.swift */,
				2B345B712AB85C700025BF2C /* FirestoreManager.swift */,
				2B2B66BE2B0B866E003195E9 /* StorageManager.swift */,
				25DB6CC72A0A5AC500660E99 /* DataHelper.swift */,
				253B84E92A0C59CE004FA223 /* Extensions.swift */,
				256C97602A372B55003DD1B4 /* Design.swift */,
				259EAAD02A98AE4B006C207F /* ScreenHelper.swift */,
				2BD124912B25A4D1004C4772 /* MenuLabelView.swift */,
				2BEC5A572B3AE3F500D8518A /* PhoneHelper.swift */,
			);
			path = Shared;
			sourceTree = "<group>";
		};
		2BC565F22B4EAF7A00AFB708 /* Elements */ = {
			isa = PBXGroup;
			children = (
				259338082A29E22E00C7AF1B /* RoundedCorner.swift */,
				2593380A2A29ED8700C7AF1B /* WebView.swift */,
				253B84F92A0F7F9E004FA223 /* LabelView.swift */,
				253B84ED2A0D1815004FA223 /* Blur.swift */,
				253B84F72A0F7B00004FA223 /* FlexibleView.swift */,
				2596144E2A124E5900393712 /* TrackableScrollView.swift */,
				259EAACE2A98A90D006C207F /* ActionSheetView.swift */,
				259EAAD72A9DED9F006C207F /* SheetDragger.swift */,
				259EAADA2AA09229006C207F /* BackButton.swift */,
				2B04915D2AB48D3300A8F81E /* ActionButton.swift */,
				2B2B66B62AFA6807003195E9 /* ExpandableText.swift */,
				2B2B66C42B0CC6CB003195E9 /* ImagePicker.swift */,
				2BD1248F2B25609A004C4772 /* LoadingElement.swift */,
			);
			path = Elements;
			sourceTree = "<group>";
		};
		2BC565F32B4EAFA200AFB708 /* Models */ = {
			isa = PBXGroup;
			children = (
				25DB6CCA2A0A5C1000660E99 /* Contact.swift */,
				2B9489572AA89FE50039D5AC /* PlacePoint.swift */,
				253B84F32A0F1B1A004FA223 /* Category.swift */,
				256C97582A2C4954003DD1B4 /* Place.swift */,
				259EAACC2A975CCC006C207F /* City.swift */,
			);
			path = Models;
			sourceTree = "<group>";
		};
		2BC565F42B4EAFBA00AFB708 /* Resources */ = {
			isa = PBXGroup;
			children = (
				2B0491502AB07EAE00A8F81E /* categories.json */,
				2B181D712AAF16F4001E6250 /* contacts.json */,
				2B0491522AB0851600A8F81E /* cities.json */,
				2B0A6B4E2B286DEB005BB5F0 /* cats.json */,
			);
			path = Resources;
			sourceTree = "<group>";
		};
		2BC565F52B4EB02600AFB708 /* Test */ = {
			isa = PBXGroup;
			children = (
				2BC565D82B46D35200AFB708 /* BottomSheetDesign.swift */,
				2BC565DA2B46D38000AFB708 /* SheetUIKit.swift */,
			);
			path = Test;
			sourceTree = "<group>";
		};
/* End PBXGroup section */

/* Begin PBXNativeTarget section */
		25DB6CA82A0726C400660E99 /* korusell */ = {
			isa = PBXNativeTarget;
			buildConfigurationList = 25DB6CB72A0726C600660E99 /* Build configuration list for PBXNativeTarget "korusell" */;
			buildPhases = (
				25DB6CA52A0726C400660E99 /* Sources */,
				25DB6CA62A0726C400660E99 /* Frameworks */,
				25DB6CA72A0726C400660E99 /* Resources */,
			);
			buildRules = (
			);
			dependencies = (
			);
			name = korusell;
			packageProductDependencies = (
				256275AC2A7138B0006F0E39 /* PopupView */,
				256276012A80F00C006F0E39 /* FirebaseAuth */,
				256276032A80F00C006F0E39 /* FirebaseFirestore */,
				2B181D742AAF1CF3001E6250 /* CachedAsyncImage */,
				2B345B742AB868B80025BF2C /* FirebaseFirestoreSwift */,
				2B2B66BC2B0B84BF003195E9 /* FirebaseStorage */,
			);
			productName = korusell;
			productReference = 25DB6CA92A0726C400660E99 /* korusell.app */;
			productType = "com.apple.product-type.application";
		};
/* End PBXNativeTarget section */

/* Begin PBXProject section */
		25DB6CA12A0726C400660E99 /* Project object */ = {
			isa = PBXProject;
			attributes = {
				BuildIndependentTargetsInParallel = 1;
				LastSwiftUpdateCheck = 1410;
				LastUpgradeCheck = 1410;
				TargetAttributes = {
					25DB6CA82A0726C400660E99 = {
						CreatedOnToolsVersion = 14.1;
					};
				};
			};
			buildConfigurationList = 25DB6CA42A0726C400660E99 /* Build configuration list for PBXProject "korusell" */;
			compatibilityVersion = "Xcode 14.0";
			developmentRegion = en;
			hasScannedForEncodings = 0;
			knownRegions = (
				en,
				Base,
			);
			mainGroup = 25DB6CA02A0726C400660E99;
			packageReferences = (
				256275AB2A7138B0006F0E39 /* XCRemoteSwiftPackageReference "PopupView" */,
				256276002A80F00C006F0E39 /* XCRemoteSwiftPackageReference "firebase-ios-sdk" */,
				2B181D732AAF1CF3001E6250 /* XCRemoteSwiftPackageReference "swiftui-cached-async-image" */,
			);
			productRefGroup = 25DB6CAA2A0726C400660E99 /* Products */;
			projectDirPath = "";
			projectRoot = "";
			targets = (
				25DB6CA82A0726C400660E99 /* korusell */,
			);
		};
/* End PBXProject section */

/* Begin PBXResourcesBuildPhase section */
		25DB6CA72A0726C400660E99 /* Resources */ = {
			isa = PBXResourcesBuildPhase;
			buildActionMask = 2147483647;
			files = (
				2B0491532AB0851600A8F81E /* cities.json in Resources */,
				2BC565CE2B44275500AFB708 /* GoogleService-Info.plist in Resources */,
				25DB6CB42A0726C600660E99 /* Preview Assets.xcassets in Resources */,
				2B0A6B4F2B286DEB005BB5F0 /* cats.json in Resources */,
				2B181D722AAF16F4001E6250 /* contacts.json in Resources */,
				2B0491512AB07EAE00A8F81E /* categories.json in Resources */,
				25DB6CB12A0726C600660E99 /* Assets.xcassets in Resources */,
			);
			runOnlyForDeploymentPostprocessing = 0;
		};
/* End PBXResourcesBuildPhase section */

/* Begin PBXSourcesBuildPhase section */
		25DB6CA52A0726C400660E99 /* Sources */ = {
			isa = PBXSourcesBuildPhase;
			buildActionMask = 2147483647;
			files = (
				2B0A6B512B29C5CB005BB5F0 /* UserOnboarding.swift in Sources */,
				25DB6CC12A07287F00660E99 /* ContactsScreen.swift in Sources */,
				2593380B2A29ED8700C7AF1B /* WebView.swift in Sources */,
				259EAAC62A96318B006C207F /* PopCategoriesView.swift in Sources */,
				2BEC5A5A2B3AED8000D8518A /* CategorySearchView.swift in Sources */,
				2BC565C12B3ED35B00AFB708 /* CityEditView.swift in Sources */,
				2B0491552AB1DEB600A8F81E /* MyAccountView.swift in Sources */,
				2B345B792ABB189A0025BF2C /* CitySelectionView.swift in Sources */,
				259EAAC42A960BAD006C207F /* GlobalSearchView.swift in Sources */,
				25ADF3322A694438009A2B73 /* ClusterView.swift in Sources */,
				253B84EA2A0C59CE004FA223 /* Extensions.swift in Sources */,
				2B345B772ABB0C1E0025BF2C /* CategorySelectionView.swift in Sources */,
				2B2B66BF2B0B866F003195E9 /* StorageManager.swift in Sources */,
				2B04915E2AB48D3300A8F81E /* ActionButton.swift in Sources */,
				253B84F22A0F18C0004FA223 /* CategoryView.swift in Sources */,
				253B84EE2A0D1815004FA223 /* Blur.swift in Sources */,
				253B84E82A0BA0A9004FA223 /* ContactView.swift in Sources */,
				25DB6CAD2A0726C400660E99 /* korusellApp.swift in Sources */,
				2B0491602AB495C000A8F81E /* EditableSocialButton.swift in Sources */,
				2B9489582AA89FE50039D5AC /* PlacePoint.swift in Sources */,
				2B04915A2AB32B5B00A8F81E /* MyAccDetailsSheet.swift in Sources */,
				2BC565BF2B3ED33D00AFB708 /* AccTextField.swift in Sources */,
				259EAAD32A9CC857006C207F /* ContactDetailsView.swift in Sources */,
				259EAACF2A98A90D006C207F /* ActionSheetView.swift in Sources */,
				2BEC5A582B3AE3F500D8518A /* PhoneHelper.swift in Sources */,
				2B04915C2AB32D2900A8F81E /* EditPhoneView.swift in Sources */,
				256C97612A372B55003DD1B4 /* Design.swift in Sources */,
				25ADF3342A694438009A2B73 /* PlaceMarker.swift in Sources */,
				2BC565D12B4570EB00AFB708 /* CreateUserView.swift in Sources */,
				2B0A6B532B2AFD6C005BB5F0 /* PopCitiesView.swift in Sources */,
				2BC565DD2B4C1B6E00AFB708 /* PlaceSheet.swift in Sources */,
				2BC565D62B45713F00AFB708 /* CreateContactView.swift in Sources */,
				256C97652A39EC0E003DD1B4 /* LabelsView.swift in Sources */,
				2548C4182A94E45300211CC0 /* OTPView.swift in Sources */,
				259EAACD2A975CCC006C207F /* City.swift in Sources */,
				2B2B66C32B0CB8DC003195E9 /* EditContactImageView.swift in Sources */,
				2596144A2A1233C000393712 /* ContactsController.swift in Sources */,
				25174A532AA5F88C00024E1A /* SocialButton.swift in Sources */,
				2B2B66B72AFA6807003195E9 /* ExpandableText.swift in Sources */,
				259EAAC12A960189006C207F /* SessionViewController.swift in Sources */,
				2BC565D92B46D35200AFB708 /* BottomSheetDesign.swift in Sources */,
				25DB6CC82A0A5AC500660E99 /* DataHelper.swift in Sources */,
				259EAADB2AA09229006C207F /* BackButton.swift in Sources */,
				259EAAD82A9DED9F006C207F /* SheetDragger.swift in Sources */,
				2548C41B2A96005700211CC0 /* SessionView.swift in Sources */,
				25DB6CCB2A0A5C1000660E99 /* Contact.swift in Sources */,
				259EAAD62A9DEABA006C207F /* ContactDetailsInfo.swift in Sources */,
				2BC565C62B440F6C00AFB708 /* AdminView.swift in Sources */,
				2BD124922B25A4D1004C4772 /* MenuLabelView.swift in Sources */,
				2596144F2A124E5900393712 /* TrackableScrollView.swift in Sources */,
				253B84F42A0F1B1A004FA223 /* Category.swift in Sources */,
				2BC565CA2B4410BB00AFB708 /* ContactListViewA.swift in Sources */,
				2BC565DF2B4C1CCC00AFB708 /* PlaceDetails.swift in Sources */,
				2BD124902B25609A004C4772 /* LoadingElement.swift in Sources */,
				25ADF32A2A694403009A2B73 /* PlacesScreen.swift in Sources */,
				259EAAC92A97594C006C207F /* CitiesView.swift in Sources */,
				256C97592A2C4954003DD1B4 /* Place.swift in Sources */,
				2BC565BB2B3ED30E00AFB708 /* EditSocialButton.swift in Sources */,
				253B84F82A0F7B00004FA223 /* FlexibleView.swift in Sources */,
				253B84F62A0F5B3E004FA223 /* ContactListView.swift in Sources */,
				2B345B722AB85C700025BF2C /* FirestoreManager.swift in Sources */,
				2BC565C32B3ED37900AFB708 /* CategoryEditView.swift in Sources */,
				25ADF3362A694516009A2B73 /* ContentView.swift in Sources */,
				253B84F02A0F18A8004FA223 /* CategoryListView.swift in Sources */,
				25ADF3302A694438009A2B73 /* MapView.swift in Sources */,
				2BC565E12B4D6A2D00AFB708 /* AppOnboarding.swift in Sources */,
				2B2B66C12B0CB89A003195E9 /* ContactImageView.swift in Sources */,
				253B84EC2A0CF3D6004FA223 /* AvatarView.swift in Sources */,
				2B345B702AB85A410025BF2C /* UserManager.swift in Sources */,
				253B84E62A0A614F004FA223 /* SearchBar.swift in Sources */,
				2BC565B92B3ED1C400AFB708 /* EditDetailsView.swift in Sources */,
				2BC565C82B440FDC00AFB708 /* ContactDetailsViewA.swift in Sources */,
				2BC565BD2B3ED32500AFB708 /* EditInfoView.swift in Sources */,
				259338092A29E22E00C7AF1B /* RoundedCorner.swift in Sources */,
				259EAAD12A98AE4B006C207F /* ScreenHelper.swift in Sources */,
				2BC565DB2B46D38000AFB708 /* SheetUIKit.swift in Sources */,
				2BC565E32B4D6A7F00AFB708 /* SignInView.swift in Sources */,
				2B2B66BB2AFCFE7D003195E9 /* EditContactView.swift in Sources */,
				2B2B66C52B0CC6CB003195E9 /* ImagePicker.swift in Sources */,
				256C97632A372EAC003DD1B4 /* TestView.swift in Sources */,
				253B84FA2A0F7F9E004FA223 /* LabelView.swift in Sources */,
				2BC565D42B45713300AFB708 /* CreateImageView.swift in Sources */,
			);
			runOnlyForDeploymentPostprocessing = 0;
		};
/* End PBXSourcesBuildPhase section */

/* Begin XCBuildConfiguration section */
		25DB6CB52A0726C600660E99 /* Debug */ = {
			isa = XCBuildConfiguration;
			buildSettings = {
				ALWAYS_SEARCH_USER_PATHS = NO;
				CLANG_ANALYZER_NONNULL = YES;
				CLANG_ANALYZER_NUMBER_OBJECT_CONVERSION = YES_AGGRESSIVE;
				CLANG_CXX_LANGUAGE_STANDARD = "gnu++20";
				CLANG_ENABLE_MODULES = YES;
				CLANG_ENABLE_OBJC_ARC = YES;
				CLANG_ENABLE_OBJC_WEAK = YES;
				CLANG_WARN_BLOCK_CAPTURE_AUTORELEASING = YES;
				CLANG_WARN_BOOL_CONVERSION = YES;
				CLANG_WARN_COMMA = YES;
				CLANG_WARN_CONSTANT_CONVERSION = YES;
				CLANG_WARN_DEPRECATED_OBJC_IMPLEMENTATIONS = YES;
				CLANG_WARN_DIRECT_OBJC_ISA_USAGE = YES_ERROR;
				CLANG_WARN_DOCUMENTATION_COMMENTS = YES;
				CLANG_WARN_EMPTY_BODY = YES;
				CLANG_WARN_ENUM_CONVERSION = YES;
				CLANG_WARN_INFINITE_RECURSION = YES;
				CLANG_WARN_INT_CONVERSION = YES;
				CLANG_WARN_NON_LITERAL_NULL_CONVERSION = YES;
				CLANG_WARN_OBJC_IMPLICIT_RETAIN_SELF = YES;
				CLANG_WARN_OBJC_LITERAL_CONVERSION = YES;
				CLANG_WARN_OBJC_ROOT_CLASS = YES_ERROR;
				CLANG_WARN_QUOTED_INCLUDE_IN_FRAMEWORK_HEADER = YES;
				CLANG_WARN_RANGE_LOOP_ANALYSIS = YES;
				CLANG_WARN_STRICT_PROTOTYPES = YES;
				CLANG_WARN_SUSPICIOUS_MOVE = YES;
				CLANG_WARN_UNGUARDED_AVAILABILITY = YES_AGGRESSIVE;
				CLANG_WARN_UNREACHABLE_CODE = YES;
				CLANG_WARN__DUPLICATE_METHOD_MATCH = YES;
				COPY_PHASE_STRIP = NO;
				DEBUG_INFORMATION_FORMAT = dwarf;
				ENABLE_STRICT_OBJC_MSGSEND = YES;
				ENABLE_TESTABILITY = YES;
				GCC_C_LANGUAGE_STANDARD = gnu11;
				GCC_DYNAMIC_NO_PIC = NO;
				GCC_NO_COMMON_BLOCKS = YES;
				GCC_OPTIMIZATION_LEVEL = 0;
				GCC_PREPROCESSOR_DEFINITIONS = (
					"DEBUG=1",
					"$(inherited)",
				);
				GCC_WARN_64_TO_32_BIT_CONVERSION = YES;
				GCC_WARN_ABOUT_RETURN_TYPE = YES_ERROR;
				GCC_WARN_UNDECLARED_SELECTOR = YES;
				GCC_WARN_UNINITIALIZED_AUTOS = YES_AGGRESSIVE;
				GCC_WARN_UNUSED_FUNCTION = YES;
				GCC_WARN_UNUSED_VARIABLE = YES;
				IPHONEOS_DEPLOYMENT_TARGET = 15.0;
				MTL_ENABLE_DEBUG_INFO = INCLUDE_SOURCE;
				MTL_FAST_MATH = YES;
				ONLY_ACTIVE_ARCH = YES;
				PRODUCT_NAME = ethnogram;
				SDKROOT = iphoneos;
				SWIFT_ACTIVE_COMPILATION_CONDITIONS = DEBUG;
				SWIFT_OPTIMIZATION_LEVEL = "-Onone";
			};
			name = Debug;
		};
		25DB6CB62A0726C600660E99 /* Release */ = {
			isa = XCBuildConfiguration;
			buildSettings = {
				ALWAYS_SEARCH_USER_PATHS = NO;
				CLANG_ANALYZER_NONNULL = YES;
				CLANG_ANALYZER_NUMBER_OBJECT_CONVERSION = YES_AGGRESSIVE;
				CLANG_CXX_LANGUAGE_STANDARD = "gnu++20";
				CLANG_ENABLE_MODULES = YES;
				CLANG_ENABLE_OBJC_ARC = YES;
				CLANG_ENABLE_OBJC_WEAK = YES;
				CLANG_WARN_BLOCK_CAPTURE_AUTORELEASING = YES;
				CLANG_WARN_BOOL_CONVERSION = YES;
				CLANG_WARN_COMMA = YES;
				CLANG_WARN_CONSTANT_CONVERSION = YES;
				CLANG_WARN_DEPRECATED_OBJC_IMPLEMENTATIONS = YES;
				CLANG_WARN_DIRECT_OBJC_ISA_USAGE = YES_ERROR;
				CLANG_WARN_DOCUMENTATION_COMMENTS = YES;
				CLANG_WARN_EMPTY_BODY = YES;
				CLANG_WARN_ENUM_CONVERSION = YES;
				CLANG_WARN_INFINITE_RECURSION = YES;
				CLANG_WARN_INT_CONVERSION = YES;
				CLANG_WARN_NON_LITERAL_NULL_CONVERSION = YES;
				CLANG_WARN_OBJC_IMPLICIT_RETAIN_SELF = YES;
				CLANG_WARN_OBJC_LITERAL_CONVERSION = YES;
				CLANG_WARN_OBJC_ROOT_CLASS = YES_ERROR;
				CLANG_WARN_QUOTED_INCLUDE_IN_FRAMEWORK_HEADER = YES;
				CLANG_WARN_RANGE_LOOP_ANALYSIS = YES;
				CLANG_WARN_STRICT_PROTOTYPES = YES;
				CLANG_WARN_SUSPICIOUS_MOVE = YES;
				CLANG_WARN_UNGUARDED_AVAILABILITY = YES_AGGRESSIVE;
				CLANG_WARN_UNREACHABLE_CODE = YES;
				CLANG_WARN__DUPLICATE_METHOD_MATCH = YES;
				COPY_PHASE_STRIP = NO;
				DEBUG_INFORMATION_FORMAT = "dwarf-with-dsym";
				ENABLE_NS_ASSERTIONS = NO;
				ENABLE_STRICT_OBJC_MSGSEND = YES;
				GCC_C_LANGUAGE_STANDARD = gnu11;
				GCC_NO_COMMON_BLOCKS = YES;
				GCC_WARN_64_TO_32_BIT_CONVERSION = YES;
				GCC_WARN_ABOUT_RETURN_TYPE = YES_ERROR;
				GCC_WARN_UNDECLARED_SELECTOR = YES;
				GCC_WARN_UNINITIALIZED_AUTOS = YES_AGGRESSIVE;
				GCC_WARN_UNUSED_FUNCTION = YES;
				GCC_WARN_UNUSED_VARIABLE = YES;
				IPHONEOS_DEPLOYMENT_TARGET = 15.0;
				MTL_ENABLE_DEBUG_INFO = NO;
				MTL_FAST_MATH = YES;
				PRODUCT_NAME = ethnogram;
				SDKROOT = iphoneos;
				SWIFT_COMPILATION_MODE = wholemodule;
				SWIFT_OPTIMIZATION_LEVEL = "-O";
				VALIDATE_PRODUCT = YES;
			};
			name = Release;
		};
		25DB6CB82A0726C600660E99 /* Debug */ = {
			isa = XCBuildConfiguration;
			buildSettings = {
				ASSETCATALOG_COMPILER_APPICON_NAME = AppIcon;
				ASSETCATALOG_COMPILER_GLOBAL_ACCENT_COLOR_NAME = AccentColor;
				CODE_SIGN_ENTITLEMENTS = korusell/korusell.entitlements;
				CODE_SIGN_STYLE = Automatic;
				CURRENT_PROJECT_VERSION = 1;
				DEVELOPMENT_ASSET_PATHS = "\"korusell/Preview Content\"";
				DEVELOPMENT_TEAM = 4GZ4AH8Z6M;
				ENABLE_PREVIEWS = YES;
				GENERATE_INFOPLIST_FILE = YES;
				INFOPLIST_FILE = korusell/Info.plist;
				INFOPLIST_KEY_CFBundleDisplayName = Ethnogram;
				INFOPLIST_KEY_LSApplicationCategoryType = "public.app-category.lifestyle";
				INFOPLIST_KEY_UIApplicationSceneManifest_Generation = YES;
				INFOPLIST_KEY_UIApplicationSupportsIndirectInputEvents = YES;
				INFOPLIST_KEY_UILaunchScreen_Generation = YES;
				INFOPLIST_KEY_UISupportedInterfaceOrientations = UIInterfaceOrientationPortrait;
				INFOPLIST_KEY_UISupportedInterfaceOrientations_iPad = "UIInterfaceOrientationLandscapeLeft UIInterfaceOrientationLandscapeRight UIInterfaceOrientationPortrait UIInterfaceOrientationPortraitUpsideDown";
				INFOPLIST_KEY_UIUserInterfaceStyle = Light;
				IPHONEOS_DEPLOYMENT_TARGET = 15.0;
				LD_RUNPATH_SEARCH_PATHS = (
					"$(inherited)",
					"@executable_path/Frameworks",
				);
				MARKETING_VERSION = 0.1;
				PRODUCT_BUNDLE_IDENTIFIER = co.alienminds.ethnogram;
				PRODUCT_NAME = "$(TARGET_NAME)";
				SUPPORTED_PLATFORMS = "iphoneos iphonesimulator";
				SUPPORTS_MACCATALYST = NO;
				SUPPORTS_MAC_DESIGNED_FOR_IPHONE_IPAD = NO;
				SWIFT_EMIT_LOC_STRINGS = YES;
				SWIFT_VERSION = 5.0;
				TARGETED_DEVICE_FAMILY = 1;
			};
			name = Debug;
		};
		25DB6CB92A0726C600660E99 /* Release */ = {
			isa = XCBuildConfiguration;
			buildSettings = {
				ASSETCATALOG_COMPILER_APPICON_NAME = AppIcon;
				ASSETCATALOG_COMPILER_GLOBAL_ACCENT_COLOR_NAME = AccentColor;
				CODE_SIGN_ENTITLEMENTS = korusell/korusell.entitlements;
				CODE_SIGN_STYLE = Automatic;
				CURRENT_PROJECT_VERSION = 1;
				DEVELOPMENT_ASSET_PATHS = "\"korusell/Preview Content\"";
				DEVELOPMENT_TEAM = 4GZ4AH8Z6M;
				ENABLE_PREVIEWS = YES;
				GENERATE_INFOPLIST_FILE = YES;
				INFOPLIST_FILE = korusell/Info.plist;
				INFOPLIST_KEY_CFBundleDisplayName = Ethnogram;
				INFOPLIST_KEY_LSApplicationCategoryType = "public.app-category.lifestyle";
				INFOPLIST_KEY_UIApplicationSceneManifest_Generation = YES;
				INFOPLIST_KEY_UIApplicationSupportsIndirectInputEvents = YES;
				INFOPLIST_KEY_UILaunchScreen_Generation = YES;
				INFOPLIST_KEY_UISupportedInterfaceOrientations = UIInterfaceOrientationPortrait;
				INFOPLIST_KEY_UISupportedInterfaceOrientations_iPad = "UIInterfaceOrientationLandscapeLeft UIInterfaceOrientationLandscapeRight UIInterfaceOrientationPortrait UIInterfaceOrientationPortraitUpsideDown";
				INFOPLIST_KEY_UIUserInterfaceStyle = Light;
				IPHONEOS_DEPLOYMENT_TARGET = 15.0;
				LD_RUNPATH_SEARCH_PATHS = (
					"$(inherited)",
					"@executable_path/Frameworks",
				);
				MARKETING_VERSION = 0.1;
				PRODUCT_BUNDLE_IDENTIFIER = co.alienminds.ethnogram;
				PRODUCT_NAME = "$(TARGET_NAME)";
				SUPPORTED_PLATFORMS = "iphoneos iphonesimulator";
				SUPPORTS_MACCATALYST = NO;
				SUPPORTS_MAC_DESIGNED_FOR_IPHONE_IPAD = NO;
				SWIFT_EMIT_LOC_STRINGS = YES;
				SWIFT_VERSION = 5.0;
				TARGETED_DEVICE_FAMILY = 1;
			};
			name = Release;
		};
/* End XCBuildConfiguration section */

/* Begin XCConfigurationList section */
		25DB6CA42A0726C400660E99 /* Build configuration list for PBXProject "korusell" */ = {
			isa = XCConfigurationList;
			buildConfigurations = (
				25DB6CB52A0726C600660E99 /* Debug */,
				25DB6CB62A0726C600660E99 /* Release */,
			);
			defaultConfigurationIsVisible = 0;
			defaultConfigurationName = Release;
		};
		25DB6CB72A0726C600660E99 /* Build configuration list for PBXNativeTarget "korusell" */ = {
			isa = XCConfigurationList;
			buildConfigurations = (
				25DB6CB82A0726C600660E99 /* Debug */,
				25DB6CB92A0726C600660E99 /* Release */,
			);
			defaultConfigurationIsVisible = 0;
			defaultConfigurationName = Release;
		};
/* End XCConfigurationList section */

/* Begin XCRemoteSwiftPackageReference section */
		256275AB2A7138B0006F0E39 /* XCRemoteSwiftPackageReference "PopupView" */ = {
			isa = XCRemoteSwiftPackageReference;
			repositoryURL = "https://github.com/exyte/PopupView.git";
			requirement = {
				kind = upToNextMajorVersion;
				minimumVersion = 2.0.0;
			};
		};
		256276002A80F00C006F0E39 /* XCRemoteSwiftPackageReference "firebase-ios-sdk" */ = {
			isa = XCRemoteSwiftPackageReference;
			repositoryURL = "https://github.com/firebase/firebase-ios-sdk.git";
			requirement = {
				kind = exactVersion;
				version = 10.15.0;
			};
		};
		2B181D732AAF1CF3001E6250 /* XCRemoteSwiftPackageReference "swiftui-cached-async-image" */ = {
			isa = XCRemoteSwiftPackageReference;
			repositoryURL = "https://github.com/lorenzofiamingo/swiftui-cached-async-image.git";
			requirement = {
				kind = upToNextMajorVersion;
				minimumVersion = 2.0.0;
			};
		};
/* End XCRemoteSwiftPackageReference section */

/* Begin XCSwiftPackageProductDependency section */
		256275AC2A7138B0006F0E39 /* PopupView */ = {
			isa = XCSwiftPackageProductDependency;
			package = 256275AB2A7138B0006F0E39 /* XCRemoteSwiftPackageReference "PopupView" */;
			productName = PopupView;
		};
		256276012A80F00C006F0E39 /* FirebaseAuth */ = {
			isa = XCSwiftPackageProductDependency;
			package = 256276002A80F00C006F0E39 /* XCRemoteSwiftPackageReference "firebase-ios-sdk" */;
			productName = FirebaseAuth;
		};
		256276032A80F00C006F0E39 /* FirebaseFirestore */ = {
			isa = XCSwiftPackageProductDependency;
			package = 256276002A80F00C006F0E39 /* XCRemoteSwiftPackageReference "firebase-ios-sdk" */;
			productName = FirebaseFirestore;
		};
		2B181D742AAF1CF3001E6250 /* CachedAsyncImage */ = {
			isa = XCSwiftPackageProductDependency;
			package = 2B181D732AAF1CF3001E6250 /* XCRemoteSwiftPackageReference "swiftui-cached-async-image" */;
			productName = CachedAsyncImage;
		};
		2B2B66BC2B0B84BF003195E9 /* FirebaseStorage */ = {
			isa = XCSwiftPackageProductDependency;
			package = 256276002A80F00C006F0E39 /* XCRemoteSwiftPackageReference "firebase-ios-sdk" */;
			productName = FirebaseStorage;
		};
		2B345B742AB868B80025BF2C /* FirebaseFirestoreSwift */ = {
			isa = XCSwiftPackageProductDependency;
			package = 256276002A80F00C006F0E39 /* XCRemoteSwiftPackageReference "firebase-ios-sdk" */;
			productName = FirebaseFirestoreSwift;
		};
/* End XCSwiftPackageProductDependency section */
	};
	rootObject = 25DB6CA12A0726C400660E99 /* Project object */;
}
